
Microsoft Visual Studio Solution File, Format Version 12.00
# Visual Studio 15
VisualStudioVersion = 15.0.28307.168
MinimumVisualStudioVersion = 10.0.40219.1
Project("{FAE04EC0-301F-11D3-BF4B-00C04F79EFBC}") = "Task_List_Dylan", "Task_List_Dylan\Task_List_Dylan.csproj", "{3395B3E3-0298-4926-9CC7-0B5A06886F22}"
EndProject
Global
	GlobalSection(SolutionConfigurationPlatforms) = preSolution
		Debug|Any CPU = Debug|Any CPU
		Release|Any CPU = Release|Any CPU
	EndGlobalSection
	GlobalSection(ProjectConfigurationPlatforms) = postSolution
		{3395B3E3-0298-4926-9CC7-0B5A06886F22}.Debug|Any CPU.ActiveCfg = Debug|Any CPU
		{3395B3E3-0298-4926-9CC7-0B5A06886F22}.Debug|Any CPU.Build.0 = Debug|Any CPU
		{3395B3E3-0298-4926-9CC7-0B5A06886F22}.Release|Any CPU.ActiveCfg = Release|Any CPU
		{3395B3E3-0298-4926-9CC7-0B5A06886F22}.Release|Any CPU.Build.0 = Release|Any CPU
	EndGlobalSection
	GlobalSection(SolutionProperties) = preSolution
		HideSolutionNode = FALSE
	EndGlobalSection
	GlobalSection(ExtensibilityGlobals) = postSolution
		SolutionGuid = {9EEE10A8-BEC2-433A-987E-D044BFB43D55}
	EndGlobalSection
EndGlobal
